// !$*UTF8*$!
{
	archiveVersion = 1;
	classes = {
	};
	objectVersion = 56;
	objects = {

/* Begin PBXBuildFile section */
		2B64122A2AA5788500CC7506 /* ItemButtonView.swift in Sources */ = {isa = PBXBuildFile; fileRef = 2B6412292AA5788500CC7506 /* ItemButtonView.swift */; };
		2B64122D2AA5797800CC7506 /* GlobalFunctions.swift in Sources */ = {isa = PBXBuildFile; fileRef = 2B64122C2AA5797800CC7506 /* GlobalFunctions.swift */; };
		2BA8DE402A9AEB8D003BBABF /* NewDataEntryForm.swift in Sources */ = {isa = PBXBuildFile; fileRef = 2BA8DE3F2A9AEB8D003BBABF /* NewDataEntryForm.swift */; };
		2BCC2DDF2A9B17B800D81239 /* Item+CoreDataClass.swift in Sources */ = {isa = PBXBuildFile; fileRef = 2BCC2DDD2A9B17B800D81239 /* Item+CoreDataClass.swift */; };
		2BCC2DE02A9B17B800D81239 /* Item+CoreDataProperties.swift in Sources */ = {isa = PBXBuildFile; fileRef = 2BCC2DDE2A9B17B800D81239 /* Item+CoreDataProperties.swift */; };
		2BE1B86C2A9A7A3800CD2929 /* Date_TrackerApp.swift in Sources */ = {isa = PBXBuildFile; fileRef = 2BE1B86B2A9A7A3800CD2929 /* Date_TrackerApp.swift */; };
		2BE1B86E2A9A7A3800CD2929 /* ContentView.swift in Sources */ = {isa = PBXBuildFile; fileRef = 2BE1B86D2A9A7A3800CD2929 /* ContentView.swift */; };
		2BE1B8702A9A7A3900CD2929 /* Assets.xcassets in Resources */ = {isa = PBXBuildFile; fileRef = 2BE1B86F2A9A7A3900CD2929 /* Assets.xcassets */; };
		2BE1B8732A9A7A3900CD2929 /* Preview Assets.xcassets in Resources */ = {isa = PBXBuildFile; fileRef = 2BE1B8722A9A7A3900CD2929 /* Preview Assets.xcassets */; };
		2BE1B8752A9A7A3900CD2929 /* Persistence.swift in Sources */ = {isa = PBXBuildFile; fileRef = 2BE1B8742A9A7A3900CD2929 /* Persistence.swift */; };
		2BE1B8782A9A7A3900CD2929 /* Date_Tracker.xcdatamodeld in Sources */ = {isa = PBXBuildFile; fileRef = 2BE1B8762A9A7A3900CD2929 /* Date_Tracker.xcdatamodeld */; };
/* End PBXBuildFile section */

/* Begin PBXFileReference section */
		2B6412292AA5788500CC7506 /* ItemButtonView.swift */ = {isa = PBXFileReference; lastKnownFileType = sourcecode.swift; path = ItemButtonView.swift; sourceTree = "<group>"; };
		2B64122C2AA5797800CC7506 /* GlobalFunctions.swift */ = {isa = PBXFileReference; lastKnownFileType = sourcecode.swift; path = GlobalFunctions.swift; sourceTree = "<group>"; };
		2BA8DE3F2A9AEB8D003BBABF /* NewDataEntryForm.swift */ = {isa = PBXFileReference; lastKnownFileType = sourcecode.swift; path = NewDataEntryForm.swift; sourceTree = "<group>"; };
		2BCC2DDD2A9B17B800D81239 /* Item+CoreDataClass.swift */ = {isa = PBXFileReference; lastKnownFileType = sourcecode.swift; path = "Item+CoreDataClass.swift"; sourceTree = "<group>"; };
		2BCC2DDE2A9B17B800D81239 /* Item+CoreDataProperties.swift */ = {isa = PBXFileReference; lastKnownFileType = sourcecode.swift; path = "Item+CoreDataProperties.swift"; sourceTree = "<group>"; };
		2BE1B8682A9A7A3800CD2929 /* Date Tracker.app */ = {isa = PBXFileReference; explicitFileType = wrapper.application; includeInIndex = 0; path = "Date Tracker.app"; sourceTree = BUILT_PRODUCTS_DIR; };
		2BE1B86B2A9A7A3800CD2929 /* Date_TrackerApp.swift */ = {isa = PBXFileReference; lastKnownFileType = sourcecode.swift; path = Date_TrackerApp.swift; sourceTree = "<group>"; };
		2BE1B86D2A9A7A3800CD2929 /* ContentView.swift */ = {isa = PBXFileReference; lastKnownFileType = sourcecode.swift; path = ContentView.swift; sourceTree = "<group>"; };
		2BE1B86F2A9A7A3900CD2929 /* Assets.xcassets */ = {isa = PBXFileReference; lastKnownFileType = folder.assetcatalog; path = Assets.xcassets; sourceTree = "<group>"; };
		2BE1B8722A9A7A3900CD2929 /* Preview Assets.xcassets */ = {isa = PBXFileReference; lastKnownFileType = folder.assetcatalog; path = "Preview Assets.xcassets"; sourceTree = "<group>"; };
		2BE1B8742A9A7A3900CD2929 /* Persistence.swift */ = {isa = PBXFileReference; lastKnownFileType = sourcecode.swift; path = Persistence.swift; sourceTree = "<group>"; };
		2BE1B8772A9A7A3900CD2929 /* Date_Tracker.xcdatamodel */ = {isa = PBXFileReference; lastKnownFileType = wrapper.xcdatamodel; path = Date_Tracker.xcdatamodel; sourceTree = "<group>"; };
/* End PBXFileReference section */

/* Begin PBXFrameworksBuildPhase section */
		2BE1B8652A9A7A3800CD2929 /* Frameworks */ = {
			isa = PBXFrameworksBuildPhase;
			buildActionMask = 2147483647;
			files = (
			);
			runOnlyForDeploymentPostprocessing = 0;
		};
/* End PBXFrameworksBuildPhase section */

/* Begin PBXGroup section */
		2B116CB92A9A7FA900E5CA8E /* Core Data */ = {
			isa = PBXGroup;
			children = (
				2BCC2DDD2A9B17B800D81239 /* Item+CoreDataClass.swift */,
				2BCC2DDE2A9B17B800D81239 /* Item+CoreDataProperties.swift */,
				2BE1B8742A9A7A3900CD2929 /* Persistence.swift */,
				2BE1B8762A9A7A3900CD2929 /* Date_Tracker.xcdatamodeld */,
			);
			path = "Core Data";
			sourceTree = "<group>";
		};
		2B6412272AA51F5D00CC7506 /* Secondary Views */ = {
			isa = PBXGroup;
			children = (
				2BA8DE3F2A9AEB8D003BBABF /* NewDataEntryForm.swift */,
			);
			path = "Secondary Views";
			sourceTree = "<group>";
		};
		2B6412282AA5784E00CC7506 /* Shared Components */ = {
			isa = PBXGroup;
			children = (
				2B6412292AA5788500CC7506 /* ItemButtonView.swift */,
			);
			path = "Shared Components";
			sourceTree = "<group>";
		};
		2B64122B2AA5794E00CC7506 /* Global Functions */ = {
			isa = PBXGroup;
			children = (
				2B64122C2AA5797800CC7506 /* GlobalFunctions.swift */,
			);
			path = "Global Functions";
			sourceTree = "<group>";
		};
		2BE1B85F2A9A7A3800CD2929 = {
			isa = PBXGroup;
			children = (
				2BE1B86A2A9A7A3800CD2929 /* Date Tracker */,
				2BE1B8692A9A7A3800CD2929 /* Products */,
			);
			sourceTree = "<group>";
		};
		2BE1B8692A9A7A3800CD2929 /* Products */ = {
			isa = PBXGroup;
			children = (
				2BE1B8682A9A7A3800CD2929 /* Date Tracker.app */,
			);
			name = Products;
			sourceTree = "<group>";
		};
		2BE1B86A2A9A7A3800CD2929 /* Date Tracker */ = {
			isa = PBXGroup;
			children = (
				2BE1B86B2A9A7A3800CD2929 /* Date_TrackerApp.swift */,
				2BE1B86D2A9A7A3800CD2929 /* ContentView.swift */,
				2B6412282AA5784E00CC7506 /* Shared Components */,
				2B64122B2AA5794E00CC7506 /* Global Functions */,
				2B6412272AA51F5D00CC7506 /* Secondary Views */,
				2BE1B86F2A9A7A3900CD2929 /* Assets.xcassets */,
				2B116CB92A9A7FA900E5CA8E /* Core Data */,
				2BE1B8712A9A7A3900CD2929 /* Preview Content */,
			);
			path = "Date Tracker";
			sourceTree = "<group>";
		};
		2BE1B8712A9A7A3900CD2929 /* Preview Content */ = {
			isa = PBXGroup;
			children = (
				2BE1B8722A9A7A3900CD2929 /* Preview Assets.xcassets */,
			);
			path = "Preview Content";
			sourceTree = "<group>";
		};
/* End PBXGroup section */

/* Begin PBXNativeTarget section */
		2BE1B8672A9A7A3800CD2929 /* Date Tracker */ = {
			isa = PBXNativeTarget;
			buildConfigurationList = 2BE1B87B2A9A7A3900CD2929 /* Build configuration list for PBXNativeTarget "Date Tracker" */;
			buildPhases = (
				2BE1B8642A9A7A3800CD2929 /* Sources */,
				2BE1B8652A9A7A3800CD2929 /* Frameworks */,
				2BE1B8662A9A7A3800CD2929 /* Resources */,
			);
			buildRules = (
			);
			dependencies = (
			);
			name = "Date Tracker";
			productName = "Date Tracker";
			productReference = 2BE1B8682A9A7A3800CD2929 /* Date Tracker.app */;
			productType = "com.apple.product-type.application";
		};
/* End PBXNativeTarget section */

/* Begin PBXProject section */
		2BE1B8602A9A7A3800CD2929 /* Project object */ = {
			isa = PBXProject;
			attributes = {
				BuildIndependentTargetsInParallel = 1;
				LastSwiftUpdateCheck = 1430;
				LastUpgradeCheck = 1430;
				TargetAttributes = {
					2BE1B8672A9A7A3800CD2929 = {
						CreatedOnToolsVersion = 14.3.1;
					};
				};
			};
			buildConfigurationList = 2BE1B8632A9A7A3800CD2929 /* Build configuration list for PBXProject "Date Tracker" */;
			compatibilityVersion = "Xcode 14.0";
			developmentRegion = en;
			hasScannedForEncodings = 0;
			knownRegions = (
				en,
				Base,
			);
			mainGroup = 2BE1B85F2A9A7A3800CD2929;
			productRefGroup = 2BE1B8692A9A7A3800CD2929 /* Products */;
			projectDirPath = "";
			projectRoot = "";
			targets = (
				2BE1B8672A9A7A3800CD2929 /* Date Tracker */,
			);
		};
/* End PBXProject section */

/* Begin PBXResourcesBuildPhase section */
		2BE1B8662A9A7A3800CD2929 /* Resources */ = {
			isa = PBXResourcesBuildPhase;
			buildActionMask = 2147483647;
			files = (
				2BE1B8732A9A7A3900CD2929 /* Preview Assets.xcassets in Resources */,
				2BE1B8702A9A7A3900CD2929 /* Assets.xcassets in Resources */,
			);
			runOnlyForDeploymentPostprocessing = 0;
		};
/* End PBXResourcesBuildPhase section */

/* Begin PBXSourcesBuildPhase section */
		2BE1B8642A9A7A3800CD2929 /* Sources */ = {
			isa = PBXSourcesBuildPhase;
			buildActionMask = 2147483647;
			files = (
				2BCC2DE02A9B17B800D81239 /* Item+CoreDataProperties.swift in Sources */,
				2BCC2DDF2A9B17B800D81239 /* Item+CoreDataClass.swift in Sources */,
				2BE1B8752A9A7A3900CD2929 /* Persistence.swift in Sources */,
				2BA8DE402A9AEB8D003BBABF /* NewDataEntryForm.swift in Sources */,
				2BE1B86E2A9A7A3800CD2929 /* ContentView.swift in Sources */,
				2BE1B8782A9A7A3900CD2929 /* Date_Tracker.xcdatamodeld in Sources */,
				2B64122A2AA5788500CC7506 /* ItemButtonView.swift in Sources */,
				2BE1B86C2A9A7A3800CD2929 /* Date_TrackerApp.swift in Sources */,
				2B64122D2AA5797800CC7506 /* GlobalFunctions.swift in Sources */,
			);
			runOnlyForDeploymentPostprocessing = 0;
		};
/* End PBXSourcesBuildPhase section */

/* Begin XCBuildConfiguration section */
		2BE1B8792A9A7A3900CD2929 /* Debug */ = {
			isa = XCBuildConfiguration;
			buildSettings = {
				ALWAYS_SEARCH_USER_PATHS = NO;
				CLANG_ANALYZER_NONNULL = YES;
				CLANG_ANALYZER_NUMBER_OBJECT_CONVERSION = YES_AGGRESSIVE;
				CLANG_CXX_LANGUAGE_STANDARD = "gnu++20";
				CLANG_ENABLE_MODULES = YES;
				CLANG_ENABLE_OBJC_ARC = YES;
				CLANG_ENABLE_OBJC_WEAK = YES;
				CLANG_WARN_BLOCK_CAPTURE_AUTORELEASING = YES;
				CLANG_WARN_BOOL_CONVERSION = YES;
				CLANG_WARN_COMMA = YES;
				CLANG_WARN_CONSTANT_CONVERSION = YES;
				CLANG_WARN_DEPRECATED_OBJC_IMPLEMENTATIONS = YES;
				CLANG_WARN_DIRECT_OBJC_ISA_USAGE = YES_ERROR;
				CLANG_WARN_DOCUMENTATION_COMMENTS = YES;
				CLANG_WARN_EMPTY_BODY = YES;
				CLANG_WARN_ENUM_CONVERSION = YES;
				CLANG_WARN_INFINITE_RECURSION = YES;
				CLANG_WARN_INT_CONVERSION = YES;
				CLANG_WARN_NON_LITERAL_NULL_CONVERSION = YES;
				CLANG_WARN_OBJC_IMPLICIT_RETAIN_SELF = YES;
				CLANG_WARN_OBJC_LITERAL_CONVERSION = YES;
				CLANG_WARN_OBJC_ROOT_CLASS = YES_ERROR;
				CLANG_WARN_QUOTED_INCLUDE_IN_FRAMEWORK_HEADER = YES;
				CLANG_WARN_RANGE_LOOP_ANALYSIS = YES;
				CLANG_WARN_STRICT_PROTOTYPES = YES;
				CLANG_WARN_SUSPICIOUS_MOVE = YES;
				CLANG_WARN_UNGUARDED_AVAILABILITY = YES_AGGRESSIVE;
				CLANG_WARN_UNREACHABLE_CODE = YES;
				CLANG_WARN__DUPLICATE_METHOD_MATCH = YES;
				COPY_PHASE_STRIP = NO;
				DEBUG_INFORMATION_FORMAT = dwarf;
				ENABLE_STRICT_OBJC_MSGSEND = YES;
				ENABLE_TESTABILITY = YES;
				GCC_C_LANGUAGE_STANDARD = gnu11;
				GCC_DYNAMIC_NO_PIC = NO;
				GCC_NO_COMMON_BLOCKS = YES;
				GCC_OPTIMIZATION_LEVEL = 0;
				GCC_PREPROCESSOR_DEFINITIONS = (
					"DEBUG=1",
					"$(inherited)",
				);
				GCC_WARN_64_TO_32_BIT_CONVERSION = YES;
				GCC_WARN_ABOUT_RETURN_TYPE = YES_ERROR;
				GCC_WARN_UNDECLARED_SELECTOR = YES;
				GCC_WARN_UNINITIALIZED_AUTOS = YES_AGGRESSIVE;
				GCC_WARN_UNUSED_FUNCTION = YES;
				GCC_WARN_UNUSED_VARIABLE = YES;
				IPHONEOS_DEPLOYMENT_TARGET = 16.4;
				MTL_ENABLE_DEBUG_INFO = INCLUDE_SOURCE;
				MTL_FAST_MATH = YES;
				ONLY_ACTIVE_ARCH = YES;
				SDKROOT = iphoneos;
				SWIFT_ACTIVE_COMPILATION_CONDITIONS = DEBUG;
				SWIFT_OPTIMIZATION_LEVEL = "-Onone";
			};
			name = Debug;
		};
		2BE1B87A2A9A7A3900CD2929 /* Release */ = {
			isa = XCBuildConfiguration;
			buildSettings = {
				ALWAYS_SEARCH_USER_PATHS = NO;
				CLANG_ANALYZER_NONNULL = YES;
				CLANG_ANALYZER_NUMBER_OBJECT_CONVERSION = YES_AGGRESSIVE;
				CLANG_CXX_LANGUAGE_STANDARD = "gnu++20";
				CLANG_ENABLE_MODULES = YES;
				CLANG_ENABLE_OBJC_ARC = YES;
				CLANG_ENABLE_OBJC_WEAK = YES;
				CLANG_WARN_BLOCK_CAPTURE_AUTORELEASING = YES;
				CLANG_WARN_BOOL_CONVERSION = YES;
				CLANG_WARN_COMMA = YES;
				CLANG_WARN_CONSTANT_CONVERSION = YES;
				CLANG_WARN_DEPRECATED_OBJC_IMPLEMENTATIONS = YES;
				CLANG_WARN_DIRECT_OBJC_ISA_USAGE = YES_ERROR;
				CLANG_WARN_DOCUMENTATION_COMMENTS = YES;
				CLANG_WARN_EMPTY_BODY = YES;
				CLANG_WARN_ENUM_CONVERSION = YES;
				CLANG_WARN_INFINITE_RECURSION = YES;
				CLANG_WARN_INT_CONVERSION = YES;
				CLANG_WARN_NON_LITERAL_NULL_CONVERSION = YES;
				CLANG_WARN_OBJC_IMPLICIT_RETAIN_SELF = YES;
				CLANG_WARN_OBJC_LITERAL_CONVERSION = YES;
				CLANG_WARN_OBJC_ROOT_CLASS = YES_ERROR;
				CLANG_WARN_QUOTED_INCLUDE_IN_FRAMEWORK_HEADER = YES;
				CLANG_WARN_RANGE_LOOP_ANALYSIS = YES;
				CLANG_WARN_STRICT_PROTOTYPES = YES;
				CLANG_WARN_SUSPICIOUS_MOVE = YES;
				CLANG_WARN_UNGUARDED_AVAILABILITY = YES_AGGRESSIVE;
				CLANG_WARN_UNREACHABLE_CODE = YES;
				CLANG_WARN__DUPLICATE_METHOD_MATCH = YES;
				COPY_PHASE_STRIP = NO;
				DEBUG_INFORMATION_FORMAT = "dwarf-with-dsym";
				ENABLE_NS_ASSERTIONS = NO;
				ENABLE_STRICT_OBJC_MSGSEND = YES;
				GCC_C_LANGUAGE_STANDARD = gnu11;
				GCC_NO_COMMON_BLOCKS = YES;
				GCC_WARN_64_TO_32_BIT_CONVERSION = YES;
				GCC_WARN_ABOUT_RETURN_TYPE = YES_ERROR;
				GCC_WARN_UNDECLARED_SELECTOR = YES;
				GCC_WARN_UNINITIALIZED_AUTOS = YES_AGGRESSIVE;
				GCC_WARN_UNUSED_FUNCTION = YES;
				GCC_WARN_UNUSED_VARIABLE = YES;
				IPHONEOS_DEPLOYMENT_TARGET = 16.4;
				MTL_ENABLE_DEBUG_INFO = NO;
				MTL_FAST_MATH = YES;
				SDKROOT = iphoneos;
				SWIFT_COMPILATION_MODE = wholemodule;
				SWIFT_OPTIMIZATION_LEVEL = "-O";
				VALIDATE_PRODUCT = YES;
			};
			name = Release;
		};
		2BE1B87C2A9A7A3900CD2929 /* Debug */ = {
			isa = XCBuildConfiguration;
			buildSettings = {
				ASSETCATALOG_COMPILER_APPICON_NAME = AppIcon;
				ASSETCATALOG_COMPILER_GLOBAL_ACCENT_COLOR_NAME = AccentColor;
				ASSETCATALOG_COMPILER_INCLUDE_ALL_APPICON_ASSETS = YES;
				CODE_SIGN_STYLE = Automatic;
				CURRENT_PROJECT_VERSION = 1;
				DEVELOPMENT_ASSET_PATHS = "\"Date Tracker/Preview Content\"";
				ENABLE_PREVIEWS = YES;
				GENERATE_INFOPLIST_FILE = YES;
				INFOPLIST_KEY_LSApplicationCategoryType = "public.app-category.utilities";
				INFOPLIST_KEY_UIApplicationSceneManifest_Generation = YES;
				INFOPLIST_KEY_UIApplicationSupportsIndirectInputEvents = YES;
				INFOPLIST_KEY_UILaunchScreen_Generation = YES;
				INFOPLIST_KEY_UIStatusBarStyle = "";
				INFOPLIST_KEY_UISupportedInterfaceOrientations_iPad = "UIInterfaceOrientationPortrait UIInterfaceOrientationPortraitUpsideDown UIInterfaceOrientationLandscapeLeft UIInterfaceOrientationLandscapeRight";
				INFOPLIST_KEY_UISupportedInterfaceOrientations_iPhone = "UIInterfaceOrientationPortrait UIInterfaceOrientationLandscapeLeft UIInterfaceOrientationLandscapeRight";
				LD_RUNPATH_SEARCH_PATHS = (
					"$(inherited)",
					"@executable_path/Frameworks",
				);
				MARKETING_VERSION = 1.0;
				PRODUCT_BUNDLE_IDENTIFIER = "com.nonStickCode.Date-Tracker";
				PRODUCT_NAME = "$(TARGET_NAME)";
				SWIFT_EMIT_LOC_STRINGS = YES;
				SWIFT_VERSION = 5.0;
				TARGETED_DEVICE_FAMILY = "1,2";
			};
			name = Debug;
		};
		2BE1B87D2A9A7A3900CD2929 /* Release */ = {
			isa = XCBuildConfiguration;
			buildSettings = {
				ASSETCATALOG_COMPILER_APPICON_NAME = AppIcon;
				ASSETCATALOG_COMPILER_GLOBAL_ACCENT_COLOR_NAME = AccentColor;
				ASSETCATALOG_COMPILER_INCLUDE_ALL_APPICON_ASSETS = YES;
				CODE_SIGN_STYLE = Automatic;
				CURRENT_PROJECT_VERSION = 1;
				DEVELOPMENT_ASSET_PATHS = "\"Date Tracker/Preview Content\"";
				ENABLE_PREVIEWS = YES;
				GENERATE_INFOPLIST_FILE = YES;
				INFOPLIST_KEY_LSApplicationCategoryType = "public.app-category.utilities";
				INFOPLIST_KEY_UIApplicationSceneManifest_Generation = YES;
				INFOPLIST_KEY_UIApplicationSupportsIndirectInputEvents = YES;
				INFOPLIST_KEY_UILaunchScreen_Generation = YES;
				INFOPLIST_KEY_UIStatusBarStyle = "";
				INFOPLIST_KEY_UISupportedInterfaceOrientations_iPad = "UIInterfaceOrientationPortrait UIInterfaceOrientationPortraitUpsideDown UIInterfaceOrientationLandscapeLeft UIInterfaceOrientationLandscapeRight";
				INFOPLIST_KEY_UISupportedInterfaceOrientations_iPhone = "UIInterfaceOrientationPortrait UIInterfaceOrientationLandscapeLeft UIInterfaceOrientationLandscapeRight";
				LD_RUNPATH_SEARCH_PATHS = (
					"$(inherited)",
					"@executable_path/Frameworks",
				);
				MARKETING_VERSION = 1.0;
				PRODUCT_BUNDLE_IDENTIFIER = "com.nonStickCode.Date-Tracker";
				PRODUCT_NAME = "$(TARGET_NAME)";
				SWIFT_EMIT_LOC_STRINGS = YES;
				SWIFT_VERSION = 5.0;
				TARGETED_DEVICE_FAMILY = "1,2";
			};
			name = Release;
		};
/* End XCBuildConfiguration section */

/* Begin XCConfigurationList section */
		2BE1B8632A9A7A3800CD2929 /* Build configuration list for PBXProject "Date Tracker" */ = {
			isa = XCConfigurationList;
			buildConfigurations = (
				2BE1B8792A9A7A3900CD2929 /* Debug */,
				2BE1B87A2A9A7A3900CD2929 /* Release */,
			);
			defaultConfigurationIsVisible = 0;
			defaultConfigurationName = Release;
		};
		2BE1B87B2A9A7A3900CD2929 /* Build configuration list for PBXNativeTarget "Date Tracker" */ = {
			isa = XCConfigurationList;
			buildConfigurations = (
				2BE1B87C2A9A7A3900CD2929 /* Debug */,
				2BE1B87D2A9A7A3900CD2929 /* Release */,
			);
			defaultConfigurationIsVisible = 0;
			defaultConfigurationName = Release;
		};
/* End XCConfigurationList section */

/* Begin XCVersionGroup section */
		2BE1B8762A9A7A3900CD2929 /* Date_Tracker.xcdatamodeld */ = {
			isa = XCVersionGroup;
			children = (
				2BE1B8772A9A7A3900CD2929 /* Date_Tracker.xcdatamodel */,
			);
			currentVersion = 2BE1B8772A9A7A3900CD2929 /* Date_Tracker.xcdatamodel */;
			path = Date_Tracker.xcdatamodeld;
			sourceTree = "<group>";
			versionGroupType = wrapper.xcdatamodel;
		};
/* End XCVersionGroup section */
	};
	rootObject = 2BE1B8602A9A7A3800CD2929 /* Project object */;
}
